
Microsoft Visual Studio Solution File, Format Version 12.00
# Visual Studio Version 17
VisualStudioVersion = 17.0.31903.59
MinimumVisualStudioVersion = 10.0.40219.1
Project("{2150E333-8FDC-42A3-9474-1A3956D46DE8}") = "src", "src", "{5A78C891-808E-414E-9560-08011205369C}"
EndProject
Project("{2150E333-8FDC-42A3-9474-1A3956D46DE8}") = "modules", "modules", "{34DFB00C-FDC4-4900-9B27-2812B55FE468}"
EndProject
Project("{2150E333-8FDC-42A3-9474-1A3956D46DE8}") = "Core", "Core", "{7CA6557F-AE4E-4D14-9B21-5A2A05197493}"
EndProject
Project("{2150E333-8FDC-42A3-9474-1A3956D46DE8}") = "Domain", "Domain", "{7DB8EB80-DCAE-478E-899C-578358C47F1A}"
EndProject
Project("{FAE04EC0-301F-11D3-BF4B-00C04F79EFBC}") = "Admin.Core.Domain", "src\modules\Core\Domain\Admin.Core.Domain\Admin.Core.Domain.csproj", "{E17B3F44-0EE5-4E9B-A93B-CE2BB1054873}"
EndProject
Project("{2150E333-8FDC-42A3-9474-1A3956D46DE8}") = "Project", "Project", "{5CCF4C2D-EDB2-4E07-9EEA-4339F67A9918}"
EndProject
Project("{2150E333-8FDC-42A3-9474-1A3956D46DE8}") = "Domain", "Domain", "{91B3C17C-8F30-4CE3-8BAD-4F768574A464}"
EndProject
Project("{FAE04EC0-301F-11D3-BF4B-00C04F79EFBC}") = "Admin.Project.Domain", "src\modules\Project\Domain\Admin.Project.Domain\Admin.Project.Domain.csproj", "{D5CF0687-FA45-42EA-AB28-A13538783351}"
EndProject
Project("{2150E333-8FDC-42A3-9474-1A3956D46DE8}") = "Infra", "Infra", "{11F15BA3-E1A7-42DA-BEB3-0DF0B395A305}"
EndProject
Project("{FAE04EC0-301F-11D3-BF4B-00C04F79EFBC}") = "Admin.Project.Infra", "src\modules\Project\Infra\Admin.Project.Infra\Admin.Project.Infra.csproj", "{09C1E72A-E97B-414D-A05C-B9069A28CF18}"
EndProject
Project("{2150E333-8FDC-42A3-9474-1A3956D46DE8}") = "Api", "Api", "{E8EDCD3E-8C79-489C-AC6E-F949B5D10A1A}"
EndProject
Project("{FAE04EC0-301F-11D3-BF4B-00C04F79EFBC}") = "Admin.Project.Api", "src\modules\Project\Api\Admin.Project.Api\Admin.Project.Api.csproj", "{57631121-067A-4F82-B568-65E14FEA4F29}"
EndProject
Project("{2150E333-8FDC-42A3-9474-1A3956D46DE8}") = "Application", "Application", "{9EE3D54E-D59C-45AD-AD14-FBFDE1B54A8B}"
EndProject
Project("{FAE04EC0-301F-11D3-BF4B-00C04F79EFBC}") = "Admin.Project.Application", "src\modules\Project\Application\Admin.Project.Application\Admin.Project.Application.csproj", "{73C95C80-EF83-4540-A326-144E09E9CB8E}"
EndProject
Global
	GlobalSection(SolutionConfigurationPlatforms) = preSolution
		Debug|Any CPU = Debug|Any CPU
		Release|Any CPU = Release|Any CPU
	EndGlobalSection
	GlobalSection(SolutionProperties) = preSolution
		HideSolutionNode = FALSE
	EndGlobalSection
	GlobalSection(ProjectConfigurationPlatforms) = postSolution
		{E17B3F44-0EE5-4E9B-A93B-CE2BB1054873}.Debug|Any CPU.ActiveCfg = Debug|Any CPU
		{E17B3F44-0EE5-4E9B-A93B-CE2BB1054873}.Debug|Any CPU.Build.0 = Debug|Any CPU
		{E17B3F44-0EE5-4E9B-A93B-CE2BB1054873}.Release|Any CPU.ActiveCfg = Release|Any CPU
		{E17B3F44-0EE5-4E9B-A93B-CE2BB1054873}.Release|Any CPU.Build.0 = Release|Any CPU
		{D5CF0687-FA45-42EA-AB28-A13538783351}.Debug|Any CPU.ActiveCfg = Debug|Any CPU
		{D5CF0687-FA45-42EA-AB28-A13538783351}.Debug|Any CPU.Build.0 = Debug|Any CPU
		{D5CF0687-FA45-42EA-AB28-A13538783351}.Release|Any CPU.ActiveCfg = Release|Any CPU
		{D5CF0687-FA45-42EA-AB28-A13538783351}.Release|Any CPU.Build.0 = Release|Any CPU
		{09C1E72A-E97B-414D-A05C-B9069A28CF18}.Debug|Any CPU.ActiveCfg = Debug|Any CPU
		{09C1E72A-E97B-414D-A05C-B9069A28CF18}.Debug|Any CPU.Build.0 = Debug|Any CPU
		{09C1E72A-E97B-414D-A05C-B9069A28CF18}.Release|Any CPU.ActiveCfg = Release|Any CPU
		{09C1E72A-E97B-414D-A05C-B9069A28CF18}.Release|Any CPU.Build.0 = Release|Any CPU
		{57631121-067A-4F82-B568-65E14FEA4F29}.Debug|Any CPU.ActiveCfg = Debug|Any CPU
		{57631121-067A-4F82-B568-65E14FEA4F29}.Debug|Any CPU.Build.0 = Debug|Any CPU
		{57631121-067A-4F82-B568-65E14FEA4F29}.Release|Any CPU.ActiveCfg = Release|Any CPU
		{57631121-067A-4F82-B568-65E14FEA4F29}.Release|Any CPU.Build.0 = Release|Any CPU
		{73C95C80-EF83-4540-A326-144E09E9CB8E}.Debug|Any CPU.ActiveCfg = Debug|Any CPU
		{73C95C80-EF83-4540-A326-144E09E9CB8E}.Debug|Any CPU.Build.0 = Debug|Any CPU
		{73C95C80-EF83-4540-A326-144E09E9CB8E}.Release|Any CPU.ActiveCfg = Release|Any CPU
		{73C95C80-EF83-4540-A326-144E09E9CB8E}.Release|Any CPU.Build.0 = Release|Any CPU
	EndGlobalSection
	GlobalSection(NestedProjects) = preSolution
		{34DFB00C-FDC4-4900-9B27-2812B55FE468} = {5A78C891-808E-414E-9560-08011205369C}
		{7CA6557F-AE4E-4D14-9B21-5A2A05197493} = {34DFB00C-FDC4-4900-9B27-2812B55FE468}
		{7DB8EB80-DCAE-478E-899C-578358C47F1A} = {7CA6557F-AE4E-4D14-9B21-5A2A05197493}
		{E17B3F44-0EE5-4E9B-A93B-CE2BB1054873} = {7DB8EB80-DCAE-478E-899C-578358C47F1A}
		{5CCF4C2D-EDB2-4E07-9EEA-4339F67A9918} = {34DFB00C-FDC4-4900-9B27-2812B55FE468}
		{91B3C17C-8F30-4CE3-8BAD-4F768574A464} = {5CCF4C2D-EDB2-4E07-9EEA-4339F67A9918}
		{D5CF0687-FA45-42EA-AB28-A13538783351} = {91B3C17C-8F30-4CE3-8BAD-4F768574A464}
		{11F15BA3-E1A7-42DA-BEB3-0DF0B395A305} = {5CCF4C2D-EDB2-4E07-9EEA-4339F67A9918}
		{09C1E72A-E97B-414D-A05C-B9069A28CF18} = {11F15BA3-E1A7-42DA-BEB3-0DF0B395A305}
		{E8EDCD3E-8C79-489C-AC6E-F949B5D10A1A} = {5CCF4C2D-EDB2-4E07-9EEA-4339F67A9918}
		{57631121-067A-4F82-B568-65E14FEA4F29} = {E8EDCD3E-8C79-489C-AC6E-F949B5D10A1A}
		{9EE3D54E-D59C-45AD-AD14-FBFDE1B54A8B} = {5CCF4C2D-EDB2-4E07-9EEA-4339F67A9918}
		{73C95C80-EF83-4540-A326-144E09E9CB8E} = {9EE3D54E-D59C-45AD-AD14-FBFDE1B54A8B}
	EndGlobalSection
EndGlobal
